
Microsoft Visual Studio Solution File, Format Version 12.00
# Visual Studio 15
VisualStudioVersion = 15.0.27703.2042
MinimumVisualStudioVersion = 10.0.40219.1
Project("{FAE04EC0-301F-11D3-BF4B-00C04F79EFBC}") = "RPG", "RPG\RPG.csproj", "{D299A0B8-698A-4E39-A3C1-110666E8B661}"
EndProject
Global
	GlobalSection(SolutionConfigurationPlatforms) = preSolution
		Debug|Any CPU = Debug|Any CPU
		Release|Any CPU = Release|Any CPU
	EndGlobalSection
	GlobalSection(ProjectConfigurationPlatforms) = postSolution
		{D299A0B8-698A-4E39-A3C1-110666E8B661}.Debug|Any CPU.ActiveCfg = Debug|Any CPU
		{D299A0B8-698A-4E39-A3C1-110666E8B661}.Debug|Any CPU.Build.0 = Debug|Any CPU
		{D299A0B8-698A-4E39-A3C1-110666E8B661}.Release|Any CPU.ActiveCfg = Release|Any CPU
		{D299A0B8-698A-4E39-A3C1-110666E8B661}.Release|Any CPU.Build.0 = Release|Any CPU
	EndGlobalSection
	GlobalSection(SolutionProperties) = preSolution
		HideSolutionNode = FALSE
	EndGlobalSection
	GlobalSection(ExtensibilityGlobals) = postSolution
		SolutionGuid = {B606D95E-C317-4E1C-825E-8D98A1CEEC13}
	EndGlobalSection
EndGlobal
