
Microsoft Visual Studio Solution File, Format Version 12.00
# Visual Studio 15
VisualStudioVersion = 15.0.27703.2042
MinimumVisualStudioVersion = 10.0.40219.1
Project("{FAE04EC0-301F-11D3-BF4B-00C04F79EFBC}") = "despacito", "despacito\despacito.csproj", "{4DFDB186-C112-46B4-9CE0-241372520DF1}"
EndProject
Global
	GlobalSection(SolutionConfigurationPlatforms) = preSolution
		Debug|Any CPU = Debug|Any CPU
		Release|Any CPU = Release|Any CPU
	EndGlobalSection
	GlobalSection(ProjectConfigurationPlatforms) = postSolution
		{4DFDB186-C112-46B4-9CE0-241372520DF1}.Debug|Any CPU.ActiveCfg = Debug|Any CPU
		{4DFDB186-C112-46B4-9CE0-241372520DF1}.Debug|Any CPU.Build.0 = Debug|Any CPU
		{4DFDB186-C112-46B4-9CE0-241372520DF1}.Release|Any CPU.ActiveCfg = Release|Any CPU
		{4DFDB186-C112-46B4-9CE0-241372520DF1}.Release|Any CPU.Build.0 = Release|Any CPU
	EndGlobalSection
	GlobalSection(SolutionProperties) = preSolution
		HideSolutionNode = FALSE
	EndGlobalSection
	GlobalSection(ExtensibilityGlobals) = postSolution
		SolutionGuid = {AFD1D0C0-2CBB-4271-8FF7-90CCCDE819CC}
	EndGlobalSection
EndGlobal
